
Microsoft Visual Studio Solution File, Format Version 12.00
# Visual Studio Version 17
VisualStudioVersion = 17.9.34701.34
MinimumVisualStudioVersion = 10.0.40219.1
Project("{FAE04EC0-301F-11D3-BF4B-00C04F79EFBC}") = "CapaDatos", "Tienda_Albuquerque\CapaDatos.csproj", "{277C5714-15FC-4E4E-A1D9-3144E3564D88}"
EndProject
Project("{FAE04EC0-301F-11D3-BF4B-00C04F79EFBC}") = "CapaEntidades", "CapaEntidades\CapaEntidades.csproj", "{33B3AD59-7B6B-4684-99C8-B3799857A438}"
EndProject
Project("{FAE04EC0-301F-11D3-BF4B-00C04F79EFBC}") = "Vista", "Vista\Vista.csproj", "{B4A48ADD-C9FF-4812-B54B-4AA097E67E1A}"
EndProject
Global
	GlobalSection(SolutionConfigurationPlatforms) = preSolution
		Debug|Any CPU = Debug|Any CPU
		Release|Any CPU = Release|Any CPU
	EndGlobalSection
	GlobalSection(ProjectConfigurationPlatforms) = postSolution
		{277C5714-15FC-4E4E-A1D9-3144E3564D88}.Debug|Any CPU.ActiveCfg = Debug|Any CPU
		{277C5714-15FC-4E4E-A1D9-3144E3564D88}.Debug|Any CPU.Build.0 = Debug|Any CPU
		{277C5714-15FC-4E4E-A1D9-3144E3564D88}.Release|Any CPU.ActiveCfg = Release|Any CPU
		{277C5714-15FC-4E4E-A1D9-3144E3564D88}.Release|Any CPU.Build.0 = Release|Any CPU
		{33B3AD59-7B6B-4684-99C8-B3799857A438}.Debug|Any CPU.ActiveCfg = Debug|Any CPU
		{33B3AD59-7B6B-4684-99C8-B3799857A438}.Debug|Any CPU.Build.0 = Debug|Any CPU
		{33B3AD59-7B6B-4684-99C8-B3799857A438}.Release|Any CPU.ActiveCfg = Release|Any CPU
		{33B3AD59-7B6B-4684-99C8-B3799857A438}.Release|Any CPU.Build.0 = Release|Any CPU
		{B4A48ADD-C9FF-4812-B54B-4AA097E67E1A}.Debug|Any CPU.ActiveCfg = Debug|Any CPU
		{B4A48ADD-C9FF-4812-B54B-4AA097E67E1A}.Debug|Any CPU.Build.0 = Debug|Any CPU
		{B4A48ADD-C9FF-4812-B54B-4AA097E67E1A}.Release|Any CPU.ActiveCfg = Release|Any CPU
		{B4A48ADD-C9FF-4812-B54B-4AA097E67E1A}.Release|Any CPU.Build.0 = Release|Any CPU
	EndGlobalSection
	GlobalSection(SolutionProperties) = preSolution
		HideSolutionNode = FALSE
	EndGlobalSection
	GlobalSection(ExtensibilityGlobals) = postSolution
		SolutionGuid = {30631F0A-41E0-47FF-B114-7A8081B686D5}
	EndGlobalSection
EndGlobal
